
Microsoft Visual Studio Solution File, Format Version 12.00
# Visual Studio Version 16
VisualStudioVersion = 16.0.32630.194
MinimumVisualStudioVersion = 10.0.40219.1
Project("{FAE04EC0-301F-11D3-BF4B-00C04F79EFBC}") = "WebApplication1", "WebApplication1\WebApplication1.csproj", "{63BAB64A-2B6A-47C4-89B9-DF23398AE1BA}"
EndProject
Global
	GlobalSection(SolutionConfigurationPlatforms) = preSolution
		Debug|Any CPU = Debug|Any CPU
		Release|Any CPU = Release|Any CPU
	EndGlobalSection
	GlobalSection(ProjectConfigurationPlatforms) = postSolution
		{63BAB64A-2B6A-47C4-89B9-DF23398AE1BA}.Debug|Any CPU.ActiveCfg = Debug|Any CPU
		{63BAB64A-2B6A-47C4-89B9-DF23398AE1BA}.Debug|Any CPU.Build.0 = Debug|Any CPU
		{63BAB64A-2B6A-47C4-89B9-DF23398AE1BA}.Release|Any CPU.ActiveCfg = Release|Any CPU
		{63BAB64A-2B6A-47C4-89B9-DF23398AE1BA}.Release|Any CPU.Build.0 = Release|Any CPU
	EndGlobalSection
	GlobalSection(SolutionProperties) = preSolution
		HideSolutionNode = FALSE
	EndGlobalSection
	GlobalSection(ExtensibilityGlobals) = postSolution
		SolutionGuid = {E9A4B1C0-1ECC-47BA-B2D4-EC1389C07BAB}
	EndGlobalSection
EndGlobal
